
Microsoft Visual Studio Solution File, Format Version 12.00
# Visual Studio Version 16
VisualStudioVersion = 16.0.34407.143
MinimumVisualStudioVersion = 10.0.40219.1
Project("{FAE04EC0-301F-11D3-BF4B-00C04F79EFBC}") = "Lab02_OOP", "Lab02_OOP\Lab02_OOP.csproj", "{53110AFD-30F1-4CD7-9072-B59E615CA0D6}"
EndProject
Global
	GlobalSection(SolutionConfigurationPlatforms) = preSolution
		Debug|Any CPU = Debug|Any CPU
		Release|Any CPU = Release|Any CPU
	EndGlobalSection
	GlobalSection(ProjectConfigurationPlatforms) = postSolution
		{53110AFD-30F1-4CD7-9072-B59E615CA0D6}.Debug|Any CPU.ActiveCfg = Debug|Any CPU
		{53110AFD-30F1-4CD7-9072-B59E615CA0D6}.Debug|Any CPU.Build.0 = Debug|Any CPU
		{53110AFD-30F1-4CD7-9072-B59E615CA0D6}.Release|Any CPU.ActiveCfg = Release|Any CPU
		{53110AFD-30F1-4CD7-9072-B59E615CA0D6}.Release|Any CPU.Build.0 = Release|Any CPU
	EndGlobalSection
	GlobalSection(SolutionProperties) = preSolution
		HideSolutionNode = FALSE
	EndGlobalSection
	GlobalSection(ExtensibilityGlobals) = postSolution
		SolutionGuid = {054F24BF-9CC2-45FC-A0E8-AC23C3A82B15}
	EndGlobalSection
EndGlobal
