
Microsoft Visual Studio Solution File, Format Version 12.00
# Visual Studio Version 16
VisualStudioVersion = 16.0.34601.136
MinimumVisualStudioVersion = 10.0.40219.1
Project("{FAE04EC0-301F-11D3-BF4B-00C04F79EFBC}") = "LAB8_2", "LAB8_2\LAB8_2.csproj", "{8F8C184A-9A18-47C5-A2E4-C612E39948A7}"
EndProject
Global
	GlobalSection(SolutionConfigurationPlatforms) = preSolution
		Debug|Any CPU = Debug|Any CPU
		Release|Any CPU = Release|Any CPU
	EndGlobalSection
	GlobalSection(ProjectConfigurationPlatforms) = postSolution
		{8F8C184A-9A18-47C5-A2E4-C612E39948A7}.Debug|Any CPU.ActiveCfg = Debug|Any CPU
		{8F8C184A-9A18-47C5-A2E4-C612E39948A7}.Debug|Any CPU.Build.0 = Debug|Any CPU
		{8F8C184A-9A18-47C5-A2E4-C612E39948A7}.Release|Any CPU.ActiveCfg = Release|Any CPU
		{8F8C184A-9A18-47C5-A2E4-C612E39948A7}.Release|Any CPU.Build.0 = Release|Any CPU
	EndGlobalSection
	GlobalSection(SolutionProperties) = preSolution
		HideSolutionNode = FALSE
	EndGlobalSection
	GlobalSection(ExtensibilityGlobals) = postSolution
		SolutionGuid = {4FB7FF25-D724-40D4-960C-552D1D9551CF}
	EndGlobalSection
EndGlobal
