
Microsoft Visual Studio Solution File, Format Version 12.00
# Visual Studio Version 17
VisualStudioVersion = 17.8.34511.84
MinimumVisualStudioVersion = 10.0.40219.1
Project("{FAE04EC0-301F-11D3-BF4B-00C04F79EFBC}") = "Lab04_OOP", "Lab04_OOP\Lab04_OOP.csproj", "{1D6750A9-0CBF-47F1-BDF9-A1C684737B91}"
EndProject
Global
	GlobalSection(SolutionConfigurationPlatforms) = preSolution
		Debug|Any CPU = Debug|Any CPU
		Release|Any CPU = Release|Any CPU
	EndGlobalSection
	GlobalSection(ProjectConfigurationPlatforms) = postSolution
		{1D6750A9-0CBF-47F1-BDF9-A1C684737B91}.Debug|Any CPU.ActiveCfg = Debug|Any CPU
		{1D6750A9-0CBF-47F1-BDF9-A1C684737B91}.Debug|Any CPU.Build.0 = Debug|Any CPU
		{1D6750A9-0CBF-47F1-BDF9-A1C684737B91}.Release|Any CPU.ActiveCfg = Release|Any CPU
		{1D6750A9-0CBF-47F1-BDF9-A1C684737B91}.Release|Any CPU.Build.0 = Release|Any CPU
	EndGlobalSection
	GlobalSection(SolutionProperties) = preSolution
		HideSolutionNode = FALSE
	EndGlobalSection
	GlobalSection(ExtensibilityGlobals) = postSolution
		SolutionGuid = {B50C3628-4E09-404B-9E56-1944D5768DC1}
	EndGlobalSection
EndGlobal
